
Microsoft Visual Studio Solution File, Format Version 12.00
# Visual Studio Version 16
VisualStudioVersion = 16.0.29001.49
MinimumVisualStudioVersion = 10.0.40219.1
Project("{FAE04EC0-301F-11D3-BF4B-00C04F79EFBC}") = "Numbers", "Numbers\Numbers.csproj", "{08B79B00-0224-4809-B6E2-4791A0B16B51}"
EndProject
Global
	GlobalSection(SolutionConfigurationPlatforms) = preSolution
		Debug|Any CPU = Debug|Any CPU
		Release|Any CPU = Release|Any CPU
	EndGlobalSection
	GlobalSection(ProjectConfigurationPlatforms) = postSolution
		{08B79B00-0224-4809-B6E2-4791A0B16B51}.Debug|Any CPU.ActiveCfg = Debug|Any CPU
		{08B79B00-0224-4809-B6E2-4791A0B16B51}.Debug|Any CPU.Build.0 = Debug|Any CPU
		{08B79B00-0224-4809-B6E2-4791A0B16B51}.Release|Any CPU.ActiveCfg = Release|Any CPU
		{08B79B00-0224-4809-B6E2-4791A0B16B51}.Release|Any CPU.Build.0 = Release|Any CPU
	EndGlobalSection
	GlobalSection(SolutionProperties) = preSolution
		HideSolutionNode = FALSE
	EndGlobalSection
	GlobalSection(ExtensibilityGlobals) = postSolution
		SolutionGuid = {1CEE8F0F-17F4-41B5-AB5C-45345BDC37B1}
	EndGlobalSection
EndGlobal
